
Microsoft Visual Studio Solution File, Format Version 12.00
# Visual Studio Version 17
VisualStudioVersion = 17.8.34309.116
MinimumVisualStudioVersion = 10.0.40219.1
Project("{9A19103F-16F7-4668-BE54-9A1E7A4F7556}") = "WebApplication13", "WebApplication13\WebApplication13.csproj", "{9D84254D-61A1-470E-8B8C-D23CD26A994C}"
EndProject
Project("{FAE04EC0-301F-11D3-BF4B-00C04F79EFBC}") = "WebApplication13Tests", "WebApplication13Tests\WebApplication13Tests.csproj", "{329FAFD4-BE7B-4AAE-8721-B5C9E54DE7A2}"
EndProject
Global
	GlobalSection(SolutionConfigurationPlatforms) = preSolution
		Debug|Any CPU = Debug|Any CPU
		Release|Any CPU = Release|Any CPU
	EndGlobalSection
	GlobalSection(ProjectConfigurationPlatforms) = postSolution
		{9D84254D-61A1-470E-8B8C-D23CD26A994C}.Debug|Any CPU.ActiveCfg = Debug|Any CPU
		{9D84254D-61A1-470E-8B8C-D23CD26A994C}.Debug|Any CPU.Build.0 = Debug|Any CPU
		{9D84254D-61A1-470E-8B8C-D23CD26A994C}.Release|Any CPU.ActiveCfg = Release|Any CPU
		{9D84254D-61A1-470E-8B8C-D23CD26A994C}.Release|Any CPU.Build.0 = Release|Any CPU
		{329FAFD4-BE7B-4AAE-8721-B5C9E54DE7A2}.Debug|Any CPU.ActiveCfg = Debug|Any CPU
		{329FAFD4-BE7B-4AAE-8721-B5C9E54DE7A2}.Debug|Any CPU.Build.0 = Debug|Any CPU
		{329FAFD4-BE7B-4AAE-8721-B5C9E54DE7A2}.Release|Any CPU.ActiveCfg = Release|Any CPU
		{329FAFD4-BE7B-4AAE-8721-B5C9E54DE7A2}.Release|Any CPU.Build.0 = Release|Any CPU
	EndGlobalSection
	GlobalSection(SolutionProperties) = preSolution
		HideSolutionNode = FALSE
	EndGlobalSection
	GlobalSection(ExtensibilityGlobals) = postSolution
		SolutionGuid = {5C28539D-D8D5-4C27-BADB-4C46F48F4F47}
	EndGlobalSection
EndGlobal
